
Microsoft Visual Studio Solution File, Format Version 12.00
Project("{FAE04EC0-301F-11D3-BF4B-00C04F79EFBC}") = "NetHandler", "NetHandler\NetHandler.csproj", "{F6F74BF8-F016-480A-9E87-62007F824002}"
EndProject
Global
	GlobalSection(SolutionConfigurationPlatforms) = preSolution
		Debug|Any CPU = Debug|Any CPU
		Release|Any CPU = Release|Any CPU
	EndGlobalSection
	GlobalSection(ProjectConfigurationPlatforms) = postSolution
		{F6F74BF8-F016-480A-9E87-62007F824002}.Debug|Any CPU.ActiveCfg = Debug|Any CPU
		{F6F74BF8-F016-480A-9E87-62007F824002}.Debug|Any CPU.Build.0 = Debug|Any CPU
		{F6F74BF8-F016-480A-9E87-62007F824002}.Release|Any CPU.ActiveCfg = Release|Any CPU
		{F6F74BF8-F016-480A-9E87-62007F824002}.Release|Any CPU.Build.0 = Release|Any CPU
	EndGlobalSection
EndGlobal
